
Microsoft Visual Studio Solution File, Format Version 12.00
# Visual Studio Version 17
VisualStudioVersion = 17.14.37012.4
MinimumVisualStudioVersion = 10.0.40219.1
Project("{FAE04EC0-301F-11D3-BF4B-00C04F79EFBC}") = "EventService", "src\EventService.csproj", "{A01CD021-2EE1-4D96-BBD2-18739F15E229}"
EndProject
Project("{FAE04EC0-301F-11D3-BF4B-00C04F79EFBC}") = "EventService.Tests", "tests\EventService.Tests\EventService.Tests.csproj", "{3764BB9D-0B74-40C9-93AE-EB5DDAFB60F6}"
EndProject
Project("{FAE04EC0-301F-11D3-BF4B-00C04F79EFBC}") = "EventService.Logging", "EventService.Logging\EventService.Logging.csproj", "{DE478FB8-ABC1-4D93-ACCD-0B771AF98948}"
EndProject
Global
	GlobalSection(SolutionConfigurationPlatforms) = preSolution
		Debug|Any CPU = Debug|Any CPU
		Release|Any CPU = Release|Any CPU
	EndGlobalSection
	GlobalSection(ProjectConfigurationPlatforms) = postSolution
		{A01CD021-2EE1-4D96-BBD2-18739F15E229}.Debug|Any CPU.ActiveCfg = Debug|Any CPU
		{A01CD021-2EE1-4D96-BBD2-18739F15E229}.Debug|Any CPU.Build.0 = Debug|Any CPU
		{A01CD021-2EE1-4D96-BBD2-18739F15E229}.Release|Any CPU.ActiveCfg = Release|Any CPU
		{A01CD021-2EE1-4D96-BBD2-18739F15E229}.Release|Any CPU.Build.0 = Release|Any CPU
		{3764BB9D-0B74-40C9-93AE-EB5DDAFB60F6}.Debug|Any CPU.ActiveCfg = Debug|Any CPU
		{3764BB9D-0B74-40C9-93AE-EB5DDAFB60F6}.Debug|Any CPU.Build.0 = Debug|Any CPU
		{3764BB9D-0B74-40C9-93AE-EB5DDAFB60F6}.Release|Any CPU.ActiveCfg = Release|Any CPU
		{3764BB9D-0B74-40C9-93AE-EB5DDAFB60F6}.Release|Any CPU.Build.0 = Release|Any CPU
		{DE478FB8-ABC1-4D93-ACCD-0B771AF98948}.Debug|Any CPU.ActiveCfg = Debug|Any CPU
		{DE478FB8-ABC1-4D93-ACCD-0B771AF98948}.Debug|Any CPU.Build.0 = Debug|Any CPU
		{DE478FB8-ABC1-4D93-ACCD-0B771AF98948}.Release|Any CPU.ActiveCfg = Release|Any CPU
		{DE478FB8-ABC1-4D93-ACCD-0B771AF98948}.Release|Any CPU.Build.0 = Release|Any CPU
	EndGlobalSection
	GlobalSection(SolutionProperties) = preSolution
		HideSolutionNode = FALSE
	EndGlobalSection
	GlobalSection(ExtensibilityGlobals) = postSolution
		SolutionGuid = {0ED56681-167E-4BAD-B67A-15CA8E077A06}
	EndGlobalSection
EndGlobal
