
Microsoft Visual Studio Solution File, Format Version 12.00
# Visual Studio Version 17
VisualStudioVersion = 17.14.37012.4
MinimumVisualStudioVersion = 10.0.40219.1
Project("{FAE04EC0-301F-11D3-BF4B-00C04F79EFBC}") = "EventManagement.Events", "src\EventManagement.Event\EventManagement.Events.csproj", "{A01CD021-2EE1-4D96-BBD2-18739F15E229}"
EndProject
Project("{FAE04EC0-301F-11D3-BF4B-00C04F79EFBC}") = "EventManagement.Events.Tests", "tests\EventManagement.Events.Tests\EventManagement.Events.Tests.csproj", "{3764BB9D-0B74-40C9-93AE-EB5DDAFB60F6}"
EndProject
Project("{FAE04EC0-301F-11D3-BF4B-00C04F79EFBC}") = "EventManagement.Logging", "src\EventManagement.Logging\EventManagement.Logging.csproj", "{DE478FB8-ABC1-4D93-ACCD-0B771AF98948}"
EndProject
Project("{2150E333-8FDC-42A3-9474-1A3956D46DE8}") = "EventManagement.Common", "EventManagement.Common", "{02EA681E-C7D8-13C7-8484-4AC65E1B71E8}"
EndProject
Project("{2150E333-8FDC-42A3-9474-1A3956D46DE8}") = "EventManagement.Services", "EventManagement.Services", "{8C600859-CE93-4345-BD0D-5AB66EB911CA}"
EndProject
Project("{FAE04EC0-301F-11D3-BF4B-00C04F79EFBC}") = "EventManagement.Bookings", "src\EventManagement.Booking\EventManagement.Bookings.csproj", "{1BF21356-F4FC-431A-885A-81406903CE48}"
EndProject
Project("{2150E333-8FDC-42A3-9474-1A3956D46DE8}") = "Bookings", "Bookings", "{7DB43B57-A56A-4AE3-8F1A-59ECF1CF2EC1}"
EndProject
Project("{2150E333-8FDC-42A3-9474-1A3956D46DE8}") = "Events", "Events", "{F6A02210-5F93-498F-9838-487E0DB134F9}"
EndProject
Project("{FAE04EC0-301F-11D3-BF4B-00C04F79EFBC}") = "EventManagement.Events.Api", "src\EventManagement.Events.Api\EventManagement.Events.Api.csproj", "{5777DA80-5635-4424-8713-F53778B9E427}"
EndProject
Project("{2150E333-8FDC-42A3-9474-1A3956D46DE8}") = "EventManagement.Tests", "EventManagement.Tests", "{3F2ED6AA-8B0B-4662-B7F6-200C862C3CEE}"
EndProject
Project("{2150E333-8FDC-42A3-9474-1A3956D46DE8}") = "Events", "Events", "{0257C40D-755D-4EDC-954D-732F5C193F38}"
EndProject
Project("{2150E333-8FDC-42A3-9474-1A3956D46DE8}") = "Bookings", "Bookings", "{9F6E2D48-3575-4EDA-B736-10016F3C8CEF}"
EndProject
Project("{FAE04EC0-301F-11D3-BF4B-00C04F79EFBC}") = "EventManagement.Bookings.Tests", "tests\EventManagement.Bookings.Tests\EventManagement.Bookings.Tests.csproj", "{C4C55140-99AD-492C-B063-EC49299F97AB}"
EndProject
Project("{FAE04EC0-301F-11D3-BF4B-00C04F79EFBC}") = "EventApi.IntegrationTests", "tests\EventApi.IntegrationTests\EventApi.IntegrationTests.csproj", "{153E0AD2-4EC9-452A-BEB9-660BB6A6C075}"
EndProject
Project("{FAE04EC0-301F-11D3-BF4B-00C04F79EFBC}") = "EventManagement.Events.Domain", "src\EventManagement.Events.Domain\EventManagement.Events.Domain.csproj", "{09938F8C-461E-4456-B7A2-EA6D9EB950EA}"
EndProject
Project("{FAE04EC0-301F-11D3-BF4B-00C04F79EFBC}") = "EventManagement.Events.Application", "src\EventManagement.Events.Application\EventManagement.Events.Application.csproj", "{5AFEE55C-7D43-4C16-89A9-CCBD7F8D9EF1}"
EndProject
Project("{FAE04EC0-301F-11D3-BF4B-00C04F79EFBC}") = "EventManagement.Events.Infrastructure", "src\EventManagement.Events.Infrastructure\EventManagement.Events.Infrastructure.csproj", "{BBE5A990-AAA7-48E8-BC14-4063B95B0E59}"
EndProject
Project("{2150E333-8FDC-42A3-9474-1A3956D46DE8}") = "src", "src", "{827E0CD3-B72D-47B6-A68D-7590B98EB39B}"
EndProject
Project("{FAE04EC0-301F-11D3-BF4B-00C04F79EFBC}") = "EventManagement.Bookings.Domain", "src\EventManagement.Bookings.Domain\EventManagement.Bookings.Domain.csproj", "{A9E2EC7C-54F2-4044-91F6-5D3FB002EC5A}"
EndProject
Project("{FAE04EC0-301F-11D3-BF4B-00C04F79EFBC}") = "EventManagement.Bookings.Application", "src\EventManagement.Bookings.Application\EventManagement.Bookings.Application.csproj", "{CFF56345-91CC-4027-B268-17F1437541E2}"
EndProject
Project("{FAE04EC0-301F-11D3-BF4B-00C04F79EFBC}") = "EventManagement.Bookings.Infrastructure", "src\EventManagement.Bookings.Infrastructure\EventManagement.Bookings.Infrastructure.csproj", "{964EBA5F-0A61-4DB3-A78D-CCDFBF190294}"
EndProject
Project("{2150E333-8FDC-42A3-9474-1A3956D46DE8}") = "Auth", "Auth", "{9D2C752A-7C5E-D75D-1298-AC552DADB00C}"
EndProject
Project("{FAE04EC0-301F-11D3-BF4B-00C04F79EFBC}") = "EventManagement.Auth.Domain", "src\EventManagement.Auth.Domain\EventManagement.Auth.Domain.csproj", "{2DC3C3E0-6A11-44B2-B316-4B0B08D93FB0}"
EndProject
Project("{FAE04EC0-301F-11D3-BF4B-00C04F79EFBC}") = "EventManagement.Auth.Application", "src\EventManagement.Auth.Application\EventManagement.Auth.Application.csproj", "{B660B1FD-7B89-469D-A1C2-072E857086A3}"
EndProject
Project("{FAE04EC0-301F-11D3-BF4B-00C04F79EFBC}") = "EventManagement.Auth.Infrastructure", "src\EventManagement.Auth.Infrastructure\EventManagement.Auth.Infrastructure.csproj", "{DA93B1D9-45EC-4A20-B271-886421ADED2D}"
EndProject
Project("{FAE04EC0-301F-11D3-BF4B-00C04F79EFBC}") = "EventManagement.Auth", "src\EventManagement.Auth\EventManagement.Auth.csproj", "{0BA73317-815C-487F-B4CE-457738078CF6}"
EndProject
Project("{2150E333-8FDC-42A3-9474-1A3956D46DE8}") = "Auth", "Auth", "{895BBCE9-1DF3-FC44-EF3F-13AE2F5F986B}"
EndProject
Project("{FAE04EC0-301F-11D3-BF4B-00C04F79EFBC}") = "EventManagement.Auth.Tests", "tests\EventManagement.Auth.Tests\EventManagement.Auth.Tests.csproj", "{D4B02FD3-096E-4602-9D64-63A990B6810E}"
EndProject
Global
	GlobalSection(SolutionConfigurationPlatforms) = preSolution
		Debug|Any CPU = Debug|Any CPU
		Debug|x64 = Debug|x64
		Debug|x86 = Debug|x86
		Release|Any CPU = Release|Any CPU
		Release|x64 = Release|x64
		Release|x86 = Release|x86
	EndGlobalSection
	GlobalSection(ProjectConfigurationPlatforms) = postSolution
		{A01CD021-2EE1-4D96-BBD2-18739F15E229}.Debug|Any CPU.ActiveCfg = Debug|Any CPU
		{A01CD021-2EE1-4D96-BBD2-18739F15E229}.Debug|Any CPU.Build.0 = Debug|Any CPU
		{A01CD021-2EE1-4D96-BBD2-18739F15E229}.Debug|x64.ActiveCfg = Debug|Any CPU
		{A01CD021-2EE1-4D96-BBD2-18739F15E229}.Debug|x64.Build.0 = Debug|Any CPU
		{A01CD021-2EE1-4D96-BBD2-18739F15E229}.Debug|x86.ActiveCfg = Debug|Any CPU
		{A01CD021-2EE1-4D96-BBD2-18739F15E229}.Debug|x86.Build.0 = Debug|Any CPU
		{A01CD021-2EE1-4D96-BBD2-18739F15E229}.Release|Any CPU.ActiveCfg = Release|Any CPU
		{A01CD021-2EE1-4D96-BBD2-18739F15E229}.Release|Any CPU.Build.0 = Release|Any CPU
		{A01CD021-2EE1-4D96-BBD2-18739F15E229}.Release|x64.ActiveCfg = Release|Any CPU
		{A01CD021-2EE1-4D96-BBD2-18739F15E229}.Release|x64.Build.0 = Release|Any CPU
		{A01CD021-2EE1-4D96-BBD2-18739F15E229}.Release|x86.ActiveCfg = Release|Any CPU
		{A01CD021-2EE1-4D96-BBD2-18739F15E229}.Release|x86.Build.0 = Release|Any CPU
		{3764BB9D-0B74-40C9-93AE-EB5DDAFB60F6}.Debug|Any CPU.ActiveCfg = Debug|Any CPU
		{3764BB9D-0B74-40C9-93AE-EB5DDAFB60F6}.Debug|Any CPU.Build.0 = Debug|Any CPU
		{3764BB9D-0B74-40C9-93AE-EB5DDAFB60F6}.Debug|x64.ActiveCfg = Debug|Any CPU
		{3764BB9D-0B74-40C9-93AE-EB5DDAFB60F6}.Debug|x64.Build.0 = Debug|Any CPU
		{3764BB9D-0B74-40C9-93AE-EB5DDAFB60F6}.Debug|x86.ActiveCfg = Debug|Any CPU
		{3764BB9D-0B74-40C9-93AE-EB5DDAFB60F6}.Debug|x86.Build.0 = Debug|Any CPU
		{3764BB9D-0B74-40C9-93AE-EB5DDAFB60F6}.Release|Any CPU.ActiveCfg = Release|Any CPU
		{3764BB9D-0B74-40C9-93AE-EB5DDAFB60F6}.Release|Any CPU.Build.0 = Release|Any CPU
		{3764BB9D-0B74-40C9-93AE-EB5DDAFB60F6}.Release|x64.ActiveCfg = Release|Any CPU
		{3764BB9D-0B74-40C9-93AE-EB5DDAFB60F6}.Release|x64.Build.0 = Release|Any CPU
		{3764BB9D-0B74-40C9-93AE-EB5DDAFB60F6}.Release|x86.ActiveCfg = Release|Any CPU
		{3764BB9D-0B74-40C9-93AE-EB5DDAFB60F6}.Release|x86.Build.0 = Release|Any CPU
		{DE478FB8-ABC1-4D93-ACCD-0B771AF98948}.Debug|Any CPU.ActiveCfg = Debug|Any CPU
		{DE478FB8-ABC1-4D93-ACCD-0B771AF98948}.Debug|Any CPU.Build.0 = Debug|Any CPU
		{DE478FB8-ABC1-4D93-ACCD-0B771AF98948}.Debug|x64.ActiveCfg = Debug|Any CPU
		{DE478FB8-ABC1-4D93-ACCD-0B771AF98948}.Debug|x64.Build.0 = Debug|Any CPU
		{DE478FB8-ABC1-4D93-ACCD-0B771AF98948}.Debug|x86.ActiveCfg = Debug|Any CPU
		{DE478FB8-ABC1-4D93-ACCD-0B771AF98948}.Debug|x86.Build.0 = Debug|Any CPU
		{DE478FB8-ABC1-4D93-ACCD-0B771AF98948}.Release|Any CPU.ActiveCfg = Release|Any CPU
		{DE478FB8-ABC1-4D93-ACCD-0B771AF98948}.Release|Any CPU.Build.0 = Release|Any CPU
		{DE478FB8-ABC1-4D93-ACCD-0B771AF98948}.Release|x64.ActiveCfg = Release|Any CPU
		{DE478FB8-ABC1-4D93-ACCD-0B771AF98948}.Release|x64.Build.0 = Release|Any CPU
		{DE478FB8-ABC1-4D93-ACCD-0B771AF98948}.Release|x86.ActiveCfg = Release|Any CPU
		{DE478FB8-ABC1-4D93-ACCD-0B771AF98948}.Release|x86.Build.0 = Release|Any CPU
		{1BF21356-F4FC-431A-885A-81406903CE48}.Debug|Any CPU.ActiveCfg = Debug|Any CPU
		{1BF21356-F4FC-431A-885A-81406903CE48}.Debug|Any CPU.Build.0 = Debug|Any CPU
		{1BF21356-F4FC-431A-885A-81406903CE48}.Debug|x64.ActiveCfg = Debug|Any CPU
		{1BF21356-F4FC-431A-885A-81406903CE48}.Debug|x64.Build.0 = Debug|Any CPU
		{1BF21356-F4FC-431A-885A-81406903CE48}.Debug|x86.ActiveCfg = Debug|Any CPU
		{1BF21356-F4FC-431A-885A-81406903CE48}.Debug|x86.Build.0 = Debug|Any CPU
		{1BF21356-F4FC-431A-885A-81406903CE48}.Release|Any CPU.ActiveCfg = Release|Any CPU
		{1BF21356-F4FC-431A-885A-81406903CE48}.Release|Any CPU.Build.0 = Release|Any CPU
		{1BF21356-F4FC-431A-885A-81406903CE48}.Release|x64.ActiveCfg = Release|Any CPU
		{1BF21356-F4FC-431A-885A-81406903CE48}.Release|x64.Build.0 = Release|Any CPU
		{1BF21356-F4FC-431A-885A-81406903CE48}.Release|x86.ActiveCfg = Release|Any CPU
		{1BF21356-F4FC-431A-885A-81406903CE48}.Release|x86.Build.0 = Release|Any CPU
		{5777DA80-5635-4424-8713-F53778B9E427}.Debug|Any CPU.ActiveCfg = Debug|Any CPU
		{5777DA80-5635-4424-8713-F53778B9E427}.Debug|Any CPU.Build.0 = Debug|Any CPU
		{5777DA80-5635-4424-8713-F53778B9E427}.Debug|x64.ActiveCfg = Debug|Any CPU
		{5777DA80-5635-4424-8713-F53778B9E427}.Debug|x64.Build.0 = Debug|Any CPU
		{5777DA80-5635-4424-8713-F53778B9E427}.Debug|x86.ActiveCfg = Debug|Any CPU
		{5777DA80-5635-4424-8713-F53778B9E427}.Debug|x86.Build.0 = Debug|Any CPU
		{5777DA80-5635-4424-8713-F53778B9E427}.Release|Any CPU.ActiveCfg = Release|Any CPU
		{5777DA80-5635-4424-8713-F53778B9E427}.Release|Any CPU.Build.0 = Release|Any CPU
		{5777DA80-5635-4424-8713-F53778B9E427}.Release|x64.ActiveCfg = Release|Any CPU
		{5777DA80-5635-4424-8713-F53778B9E427}.Release|x64.Build.0 = Release|Any CPU
		{5777DA80-5635-4424-8713-F53778B9E427}.Release|x86.ActiveCfg = Release|Any CPU
		{5777DA80-5635-4424-8713-F53778B9E427}.Release|x86.Build.0 = Release|Any CPU
		{C4C55140-99AD-492C-B063-EC49299F97AB}.Debug|Any CPU.ActiveCfg = Debug|Any CPU
		{C4C55140-99AD-492C-B063-EC49299F97AB}.Debug|Any CPU.Build.0 = Debug|Any CPU
		{C4C55140-99AD-492C-B063-EC49299F97AB}.Debug|x64.ActiveCfg = Debug|Any CPU
		{C4C55140-99AD-492C-B063-EC49299F97AB}.Debug|x64.Build.0 = Debug|Any CPU
		{C4C55140-99AD-492C-B063-EC49299F97AB}.Debug|x86.ActiveCfg = Debug|Any CPU
		{C4C55140-99AD-492C-B063-EC49299F97AB}.Debug|x86.Build.0 = Debug|Any CPU
		{C4C55140-99AD-492C-B063-EC49299F97AB}.Release|Any CPU.ActiveCfg = Release|Any CPU
		{C4C55140-99AD-492C-B063-EC49299F97AB}.Release|Any CPU.Build.0 = Release|Any CPU
		{C4C55140-99AD-492C-B063-EC49299F97AB}.Release|x64.ActiveCfg = Release|Any CPU
		{C4C55140-99AD-492C-B063-EC49299F97AB}.Release|x64.Build.0 = Release|Any CPU
		{C4C55140-99AD-492C-B063-EC49299F97AB}.Release|x86.ActiveCfg = Release|Any CPU
		{C4C55140-99AD-492C-B063-EC49299F97AB}.Release|x86.Build.0 = Release|Any CPU
		{153E0AD2-4EC9-452A-BEB9-660BB6A6C075}.Debug|Any CPU.ActiveCfg = Debug|Any CPU
		{153E0AD2-4EC9-452A-BEB9-660BB6A6C075}.Debug|Any CPU.Build.0 = Debug|Any CPU
		{153E0AD2-4EC9-452A-BEB9-660BB6A6C075}.Debug|x64.ActiveCfg = Debug|Any CPU
		{153E0AD2-4EC9-452A-BEB9-660BB6A6C075}.Debug|x64.Build.0 = Debug|Any CPU
		{153E0AD2-4EC9-452A-BEB9-660BB6A6C075}.Debug|x86.ActiveCfg = Debug|Any CPU
		{153E0AD2-4EC9-452A-BEB9-660BB6A6C075}.Debug|x86.Build.0 = Debug|Any CPU
		{153E0AD2-4EC9-452A-BEB9-660BB6A6C075}.Release|Any CPU.ActiveCfg = Release|Any CPU
		{153E0AD2-4EC9-452A-BEB9-660BB6A6C075}.Release|Any CPU.Build.0 = Release|Any CPU
		{153E0AD2-4EC9-452A-BEB9-660BB6A6C075}.Release|x64.ActiveCfg = Release|Any CPU
		{153E0AD2-4EC9-452A-BEB9-660BB6A6C075}.Release|x64.Build.0 = Release|Any CPU
		{153E0AD2-4EC9-452A-BEB9-660BB6A6C075}.Release|x86.ActiveCfg = Release|Any CPU
		{153E0AD2-4EC9-452A-BEB9-660BB6A6C075}.Release|x86.Build.0 = Release|Any CPU
		{09938F8C-461E-4456-B7A2-EA6D9EB950EA}.Debug|Any CPU.ActiveCfg = Debug|Any CPU
		{09938F8C-461E-4456-B7A2-EA6D9EB950EA}.Debug|Any CPU.Build.0 = Debug|Any CPU
		{09938F8C-461E-4456-B7A2-EA6D9EB950EA}.Debug|x64.ActiveCfg = Debug|Any CPU
		{09938F8C-461E-4456-B7A2-EA6D9EB950EA}.Debug|x64.Build.0 = Debug|Any CPU
		{09938F8C-461E-4456-B7A2-EA6D9EB950EA}.Debug|x86.ActiveCfg = Debug|Any CPU
		{09938F8C-461E-4456-B7A2-EA6D9EB950EA}.Debug|x86.Build.0 = Debug|Any CPU
		{09938F8C-461E-4456-B7A2-EA6D9EB950EA}.Release|Any CPU.ActiveCfg = Release|Any CPU
		{09938F8C-461E-4456-B7A2-EA6D9EB950EA}.Release|Any CPU.Build.0 = Release|Any CPU
		{09938F8C-461E-4456-B7A2-EA6D9EB950EA}.Release|x64.ActiveCfg = Release|Any CPU
		{09938F8C-461E-4456-B7A2-EA6D9EB950EA}.Release|x64.Build.0 = Release|Any CPU
		{09938F8C-461E-4456-B7A2-EA6D9EB950EA}.Release|x86.ActiveCfg = Release|Any CPU
		{09938F8C-461E-4456-B7A2-EA6D9EB950EA}.Release|x86.Build.0 = Release|Any CPU
		{5AFEE55C-7D43-4C16-89A9-CCBD7F8D9EF1}.Debug|Any CPU.ActiveCfg = Debug|Any CPU
		{5AFEE55C-7D43-4C16-89A9-CCBD7F8D9EF1}.Debug|Any CPU.Build.0 = Debug|Any CPU
		{5AFEE55C-7D43-4C16-89A9-CCBD7F8D9EF1}.Debug|x64.ActiveCfg = Debug|Any CPU
		{5AFEE55C-7D43-4C16-89A9-CCBD7F8D9EF1}.Debug|x64.Build.0 = Debug|Any CPU
		{5AFEE55C-7D43-4C16-89A9-CCBD7F8D9EF1}.Debug|x86.ActiveCfg = Debug|Any CPU
		{5AFEE55C-7D43-4C16-89A9-CCBD7F8D9EF1}.Debug|x86.Build.0 = Debug|Any CPU
		{5AFEE55C-7D43-4C16-89A9-CCBD7F8D9EF1}.Release|Any CPU.ActiveCfg = Release|Any CPU
		{5AFEE55C-7D43-4C16-89A9-CCBD7F8D9EF1}.Release|Any CPU.Build.0 = Release|Any CPU
		{5AFEE55C-7D43-4C16-89A9-CCBD7F8D9EF1}.Release|x64.ActiveCfg = Release|Any CPU
		{5AFEE55C-7D43-4C16-89A9-CCBD7F8D9EF1}.Release|x64.Build.0 = Release|Any CPU
		{5AFEE55C-7D43-4C16-89A9-CCBD7F8D9EF1}.Release|x86.ActiveCfg = Release|Any CPU
		{5AFEE55C-7D43-4C16-89A9-CCBD7F8D9EF1}.Release|x86.Build.0 = Release|Any CPU
		{BBE5A990-AAA7-48E8-BC14-4063B95B0E59}.Debug|Any CPU.ActiveCfg = Debug|Any CPU
		{BBE5A990-AAA7-48E8-BC14-4063B95B0E59}.Debug|Any CPU.Build.0 = Debug|Any CPU
		{BBE5A990-AAA7-48E8-BC14-4063B95B0E59}.Debug|x64.ActiveCfg = Debug|Any CPU
		{BBE5A990-AAA7-48E8-BC14-4063B95B0E59}.Debug|x64.Build.0 = Debug|Any CPU
		{BBE5A990-AAA7-48E8-BC14-4063B95B0E59}.Debug|x86.ActiveCfg = Debug|Any CPU
		{BBE5A990-AAA7-48E8-BC14-4063B95B0E59}.Debug|x86.Build.0 = Debug|Any CPU
		{BBE5A990-AAA7-48E8-BC14-4063B95B0E59}.Release|Any CPU.ActiveCfg = Release|Any CPU
		{BBE5A990-AAA7-48E8-BC14-4063B95B0E59}.Release|Any CPU.Build.0 = Release|Any CPU
		{BBE5A990-AAA7-48E8-BC14-4063B95B0E59}.Release|x64.ActiveCfg = Release|Any CPU
		{BBE5A990-AAA7-48E8-BC14-4063B95B0E59}.Release|x64.Build.0 = Release|Any CPU
		{BBE5A990-AAA7-48E8-BC14-4063B95B0E59}.Release|x86.ActiveCfg = Release|Any CPU
		{BBE5A990-AAA7-48E8-BC14-4063B95B0E59}.Release|x86.Build.0 = Release|Any CPU
		{A9E2EC7C-54F2-4044-91F6-5D3FB002EC5A}.Debug|Any CPU.ActiveCfg = Debug|Any CPU
		{A9E2EC7C-54F2-4044-91F6-5D3FB002EC5A}.Debug|Any CPU.Build.0 = Debug|Any CPU
		{A9E2EC7C-54F2-4044-91F6-5D3FB002EC5A}.Debug|x64.ActiveCfg = Debug|Any CPU
		{A9E2EC7C-54F2-4044-91F6-5D3FB002EC5A}.Debug|x64.Build.0 = Debug|Any CPU
		{A9E2EC7C-54F2-4044-91F6-5D3FB002EC5A}.Debug|x86.ActiveCfg = Debug|Any CPU
		{A9E2EC7C-54F2-4044-91F6-5D3FB002EC5A}.Debug|x86.Build.0 = Debug|Any CPU
		{A9E2EC7C-54F2-4044-91F6-5D3FB002EC5A}.Release|Any CPU.ActiveCfg = Release|Any CPU
		{A9E2EC7C-54F2-4044-91F6-5D3FB002EC5A}.Release|Any CPU.Build.0 = Release|Any CPU
		{A9E2EC7C-54F2-4044-91F6-5D3FB002EC5A}.Release|x64.ActiveCfg = Release|Any CPU
		{A9E2EC7C-54F2-4044-91F6-5D3FB002EC5A}.Release|x64.Build.0 = Release|Any CPU
		{A9E2EC7C-54F2-4044-91F6-5D3FB002EC5A}.Release|x86.ActiveCfg = Release|Any CPU
		{A9E2EC7C-54F2-4044-91F6-5D3FB002EC5A}.Release|x86.Build.0 = Release|Any CPU
		{CFF56345-91CC-4027-B268-17F1437541E2}.Debug|Any CPU.ActiveCfg = Debug|Any CPU
		{CFF56345-91CC-4027-B268-17F1437541E2}.Debug|Any CPU.Build.0 = Debug|Any CPU
		{CFF56345-91CC-4027-B268-17F1437541E2}.Debug|x64.ActiveCfg = Debug|Any CPU
		{CFF56345-91CC-4027-B268-17F1437541E2}.Debug|x64.Build.0 = Debug|Any CPU
		{CFF56345-91CC-4027-B268-17F1437541E2}.Debug|x86.ActiveCfg = Debug|Any CPU
		{CFF56345-91CC-4027-B268-17F1437541E2}.Debug|x86.Build.0 = Debug|Any CPU
		{CFF56345-91CC-4027-B268-17F1437541E2}.Release|Any CPU.ActiveCfg = Release|Any CPU
		{CFF56345-91CC-4027-B268-17F1437541E2}.Release|Any CPU.Build.0 = Release|Any CPU
		{CFF56345-91CC-4027-B268-17F1437541E2}.Release|x64.ActiveCfg = Release|Any CPU
		{CFF56345-91CC-4027-B268-17F1437541E2}.Release|x64.Build.0 = Release|Any CPU
		{CFF56345-91CC-4027-B268-17F1437541E2}.Release|x86.ActiveCfg = Release|Any CPU
		{CFF56345-91CC-4027-B268-17F1437541E2}.Release|x86.Build.0 = Release|Any CPU
		{964EBA5F-0A61-4DB3-A78D-CCDFBF190294}.Debug|Any CPU.ActiveCfg = Debug|Any CPU
		{964EBA5F-0A61-4DB3-A78D-CCDFBF190294}.Debug|Any CPU.Build.0 = Debug|Any CPU
		{964EBA5F-0A61-4DB3-A78D-CCDFBF190294}.Debug|x64.ActiveCfg = Debug|Any CPU
		{964EBA5F-0A61-4DB3-A78D-CCDFBF190294}.Debug|x64.Build.0 = Debug|Any CPU
		{964EBA5F-0A61-4DB3-A78D-CCDFBF190294}.Debug|x86.ActiveCfg = Debug|Any CPU
		{964EBA5F-0A61-4DB3-A78D-CCDFBF190294}.Debug|x86.Build.0 = Debug|Any CPU
		{964EBA5F-0A61-4DB3-A78D-CCDFBF190294}.Release|Any CPU.ActiveCfg = Release|Any CPU
		{964EBA5F-0A61-4DB3-A78D-CCDFBF190294}.Release|Any CPU.Build.0 = Release|Any CPU
		{964EBA5F-0A61-4DB3-A78D-CCDFBF190294}.Release|x64.ActiveCfg = Release|Any CPU
		{964EBA5F-0A61-4DB3-A78D-CCDFBF190294}.Release|x64.Build.0 = Release|Any CPU
		{964EBA5F-0A61-4DB3-A78D-CCDFBF190294}.Release|x86.ActiveCfg = Release|Any CPU
		{964EBA5F-0A61-4DB3-A78D-CCDFBF190294}.Release|x86.Build.0 = Release|Any CPU
		{2DC3C3E0-6A11-44B2-B316-4B0B08D93FB0}.Debug|Any CPU.ActiveCfg = Debug|Any CPU
		{2DC3C3E0-6A11-44B2-B316-4B0B08D93FB0}.Debug|Any CPU.Build.0 = Debug|Any CPU
		{2DC3C3E0-6A11-44B2-B316-4B0B08D93FB0}.Debug|x64.ActiveCfg = Debug|Any CPU
		{2DC3C3E0-6A11-44B2-B316-4B0B08D93FB0}.Debug|x64.Build.0 = Debug|Any CPU
		{2DC3C3E0-6A11-44B2-B316-4B0B08D93FB0}.Debug|x86.ActiveCfg = Debug|Any CPU
		{2DC3C3E0-6A11-44B2-B316-4B0B08D93FB0}.Debug|x86.Build.0 = Debug|Any CPU
		{2DC3C3E0-6A11-44B2-B316-4B0B08D93FB0}.Release|Any CPU.ActiveCfg = Release|Any CPU
		{2DC3C3E0-6A11-44B2-B316-4B0B08D93FB0}.Release|Any CPU.Build.0 = Release|Any CPU
		{2DC3C3E0-6A11-44B2-B316-4B0B08D93FB0}.Release|x64.ActiveCfg = Release|Any CPU
		{2DC3C3E0-6A11-44B2-B316-4B0B08D93FB0}.Release|x64.Build.0 = Release|Any CPU
		{2DC3C3E0-6A11-44B2-B316-4B0B08D93FB0}.Release|x86.ActiveCfg = Release|Any CPU
		{2DC3C3E0-6A11-44B2-B316-4B0B08D93FB0}.Release|x86.Build.0 = Release|Any CPU
		{B660B1FD-7B89-469D-A1C2-072E857086A3}.Debug|Any CPU.ActiveCfg = Debug|Any CPU
		{B660B1FD-7B89-469D-A1C2-072E857086A3}.Debug|Any CPU.Build.0 = Debug|Any CPU
		{B660B1FD-7B89-469D-A1C2-072E857086A3}.Debug|x64.ActiveCfg = Debug|Any CPU
		{B660B1FD-7B89-469D-A1C2-072E857086A3}.Debug|x64.Build.0 = Debug|Any CPU
		{B660B1FD-7B89-469D-A1C2-072E857086A3}.Debug|x86.ActiveCfg = Debug|Any CPU
		{B660B1FD-7B89-469D-A1C2-072E857086A3}.Debug|x86.Build.0 = Debug|Any CPU
		{B660B1FD-7B89-469D-A1C2-072E857086A3}.Release|Any CPU.ActiveCfg = Release|Any CPU
		{B660B1FD-7B89-469D-A1C2-072E857086A3}.Release|Any CPU.Build.0 = Release|Any CPU
		{B660B1FD-7B89-469D-A1C2-072E857086A3}.Release|x64.ActiveCfg = Release|Any CPU
		{B660B1FD-7B89-469D-A1C2-072E857086A3}.Release|x64.Build.0 = Release|Any CPU
		{B660B1FD-7B89-469D-A1C2-072E857086A3}.Release|x86.ActiveCfg = Release|Any CPU
		{B660B1FD-7B89-469D-A1C2-072E857086A3}.Release|x86.Build.0 = Release|Any CPU
		{DA93B1D9-45EC-4A20-B271-886421ADED2D}.Debug|Any CPU.ActiveCfg = Debug|Any CPU
		{DA93B1D9-45EC-4A20-B271-886421ADED2D}.Debug|Any CPU.Build.0 = Debug|Any CPU
		{DA93B1D9-45EC-4A20-B271-886421ADED2D}.Debug|x64.ActiveCfg = Debug|Any CPU
		{DA93B1D9-45EC-4A20-B271-886421ADED2D}.Debug|x64.Build.0 = Debug|Any CPU
		{DA93B1D9-45EC-4A20-B271-886421ADED2D}.Debug|x86.ActiveCfg = Debug|Any CPU
		{DA93B1D9-45EC-4A20-B271-886421ADED2D}.Debug|x86.Build.0 = Debug|Any CPU
		{DA93B1D9-45EC-4A20-B271-886421ADED2D}.Release|Any CPU.ActiveCfg = Release|Any CPU
		{DA93B1D9-45EC-4A20-B271-886421ADED2D}.Release|Any CPU.Build.0 = Release|Any CPU
		{DA93B1D9-45EC-4A20-B271-886421ADED2D}.Release|x64.ActiveCfg = Release|Any CPU
		{DA93B1D9-45EC-4A20-B271-886421ADED2D}.Release|x64.Build.0 = Release|Any CPU
		{DA93B1D9-45EC-4A20-B271-886421ADED2D}.Release|x86.ActiveCfg = Release|Any CPU
		{DA93B1D9-45EC-4A20-B271-886421ADED2D}.Release|x86.Build.0 = Release|Any CPU
		{0BA73317-815C-487F-B4CE-457738078CF6}.Debug|Any CPU.ActiveCfg = Debug|Any CPU
		{0BA73317-815C-487F-B4CE-457738078CF6}.Debug|Any CPU.Build.0 = Debug|Any CPU
		{0BA73317-815C-487F-B4CE-457738078CF6}.Debug|x64.ActiveCfg = Debug|Any CPU
		{0BA73317-815C-487F-B4CE-457738078CF6}.Debug|x64.Build.0 = Debug|Any CPU
		{0BA73317-815C-487F-B4CE-457738078CF6}.Debug|x86.ActiveCfg = Debug|Any CPU
		{0BA73317-815C-487F-B4CE-457738078CF6}.Debug|x86.Build.0 = Debug|Any CPU
		{0BA73317-815C-487F-B4CE-457738078CF6}.Release|Any CPU.ActiveCfg = Release|Any CPU
		{0BA73317-815C-487F-B4CE-457738078CF6}.Release|Any CPU.Build.0 = Release|Any CPU
		{0BA73317-815C-487F-B4CE-457738078CF6}.Release|x64.ActiveCfg = Release|Any CPU
		{0BA73317-815C-487F-B4CE-457738078CF6}.Release|x64.Build.0 = Release|Any CPU
		{0BA73317-815C-487F-B4CE-457738078CF6}.Release|x86.ActiveCfg = Release|Any CPU
		{0BA73317-815C-487F-B4CE-457738078CF6}.Release|x86.Build.0 = Release|Any CPU
		{D4B02FD3-096E-4602-9D64-63A990B6810E}.Debug|Any CPU.ActiveCfg = Debug|Any CPU
		{D4B02FD3-096E-4602-9D64-63A990B6810E}.Debug|Any CPU.Build.0 = Debug|Any CPU
		{D4B02FD3-096E-4602-9D64-63A990B6810E}.Debug|x64.ActiveCfg = Debug|Any CPU
		{D4B02FD3-096E-4602-9D64-63A990B6810E}.Debug|x64.Build.0 = Debug|Any CPU
		{D4B02FD3-096E-4602-9D64-63A990B6810E}.Debug|x86.ActiveCfg = Debug|Any CPU
		{D4B02FD3-096E-4602-9D64-63A990B6810E}.Debug|x86.Build.0 = Debug|Any CPU
		{D4B02FD3-096E-4602-9D64-63A990B6810E}.Release|Any CPU.ActiveCfg = Release|Any CPU
		{D4B02FD3-096E-4602-9D64-63A990B6810E}.Release|Any CPU.Build.0 = Release|Any CPU
		{D4B02FD3-096E-4602-9D64-63A990B6810E}.Release|x64.ActiveCfg = Release|Any CPU
		{D4B02FD3-096E-4602-9D64-63A990B6810E}.Release|x64.Build.0 = Release|Any CPU
		{D4B02FD3-096E-4602-9D64-63A990B6810E}.Release|x86.ActiveCfg = Release|Any CPU
		{D4B02FD3-096E-4602-9D64-63A990B6810E}.Release|x86.Build.0 = Release|Any CPU
	EndGlobalSection
	GlobalSection(SolutionProperties) = preSolution
		HideSolutionNode = FALSE
	EndGlobalSection
	GlobalSection(NestedProjects) = preSolution
		{A01CD021-2EE1-4D96-BBD2-18739F15E229} = {F6A02210-5F93-498F-9838-487E0DB134F9}
		{3764BB9D-0B74-40C9-93AE-EB5DDAFB60F6} = {0257C40D-755D-4EDC-954D-732F5C193F38}
		{DE478FB8-ABC1-4D93-ACCD-0B771AF98948} = {02EA681E-C7D8-13C7-8484-4AC65E1B71E8}
		{1BF21356-F4FC-431A-885A-81406903CE48} = {7DB43B57-A56A-4AE3-8F1A-59ECF1CF2EC1}
		{7DB43B57-A56A-4AE3-8F1A-59ECF1CF2EC1} = {8C600859-CE93-4345-BD0D-5AB66EB911CA}
		{F6A02210-5F93-498F-9838-487E0DB134F9} = {8C600859-CE93-4345-BD0D-5AB66EB911CA}
		{5777DA80-5635-4424-8713-F53778B9E427} = {F6A02210-5F93-498F-9838-487E0DB134F9}
		{0257C40D-755D-4EDC-954D-732F5C193F38} = {3F2ED6AA-8B0B-4662-B7F6-200C862C3CEE}
		{9F6E2D48-3575-4EDA-B736-10016F3C8CEF} = {3F2ED6AA-8B0B-4662-B7F6-200C862C3CEE}
		{C4C55140-99AD-492C-B063-EC49299F97AB} = {9F6E2D48-3575-4EDA-B736-10016F3C8CEF}
		{153E0AD2-4EC9-452A-BEB9-660BB6A6C075} = {3F2ED6AA-8B0B-4662-B7F6-200C862C3CEE}
		{09938F8C-461E-4456-B7A2-EA6D9EB950EA} = {F6A02210-5F93-498F-9838-487E0DB134F9}
		{5AFEE55C-7D43-4C16-89A9-CCBD7F8D9EF1} = {F6A02210-5F93-498F-9838-487E0DB134F9}
		{BBE5A990-AAA7-48E8-BC14-4063B95B0E59} = {F6A02210-5F93-498F-9838-487E0DB134F9}
		{A9E2EC7C-54F2-4044-91F6-5D3FB002EC5A} = {7DB43B57-A56A-4AE3-8F1A-59ECF1CF2EC1}
		{CFF56345-91CC-4027-B268-17F1437541E2} = {7DB43B57-A56A-4AE3-8F1A-59ECF1CF2EC1}
		{964EBA5F-0A61-4DB3-A78D-CCDFBF190294} = {7DB43B57-A56A-4AE3-8F1A-59ECF1CF2EC1}
		{9D2C752A-7C5E-D75D-1298-AC552DADB00C} = {8C600859-CE93-4345-BD0D-5AB66EB911CA}
		{2DC3C3E0-6A11-44B2-B316-4B0B08D93FB0} = {9D2C752A-7C5E-D75D-1298-AC552DADB00C}
		{B660B1FD-7B89-469D-A1C2-072E857086A3} = {9D2C752A-7C5E-D75D-1298-AC552DADB00C}
		{DA93B1D9-45EC-4A20-B271-886421ADED2D} = {9D2C752A-7C5E-D75D-1298-AC552DADB00C}
		{0BA73317-815C-487F-B4CE-457738078CF6} = {9D2C752A-7C5E-D75D-1298-AC552DADB00C}
		{895BBCE9-1DF3-FC44-EF3F-13AE2F5F986B} = {3F2ED6AA-8B0B-4662-B7F6-200C862C3CEE}
		{D4B02FD3-096E-4602-9D64-63A990B6810E} = {895BBCE9-1DF3-FC44-EF3F-13AE2F5F986B}
	EndGlobalSection
	GlobalSection(ExtensibilityGlobals) = postSolution
		SolutionGuid = {0ED56681-167E-4BAD-B67A-15CA8E077A06}
	EndGlobalSection
EndGlobal
